
Microsoft Visual Studio Solution File, Format Version 12.00
# Visual Studio 2012
Project("{8BC9CEB8-8B4A-11D0-8D11-00A0C91BC942}") = "DP_Command_Memento", "DP_Command_Memento\DP_Command_Memento.vcxproj", "{F2480E8F-0676-403A-AAC3-6126D32E294C}"
EndProject
Global
	GlobalSection(SolutionConfigurationPlatforms) = preSolution
		Debug|Win32 = Debug|Win32
		Release|Win32 = Release|Win32
	EndGlobalSection
	GlobalSection(ProjectConfigurationPlatforms) = postSolution
		{F2480E8F-0676-403A-AAC3-6126D32E294C}.Debug|Win32.ActiveCfg = Debug|Win32
		{F2480E8F-0676-403A-AAC3-6126D32E294C}.Debug|Win32.Build.0 = Debug|Win32
		{F2480E8F-0676-403A-AAC3-6126D32E294C}.Release|Win32.ActiveCfg = Release|Win32
		{F2480E8F-0676-403A-AAC3-6126D32E294C}.Release|Win32.Build.0 = Release|Win32
	EndGlobalSection
	GlobalSection(SolutionProperties) = preSolution
		HideSolutionNode = FALSE
	EndGlobalSection
EndGlobal
